
Microsoft Visual Studio Solution File, Format Version 12.00
# Visual Studio Version 17
VisualStudioVersion = 17.8.34316.72
MinimumVisualStudioVersion = 10.0.40219.1
Project("{9A19103F-16F7-4668-BE54-9A1E7A4F7556}") = "FattureWebAuxiliar", "FattureWebAuxiliar\FattureWebAuxiliar.csproj", "{F8F062CC-C90F-471F-9569-668D47BB7B0E}"
EndProject
Global
	GlobalSection(SolutionConfigurationPlatforms) = preSolution
		Debug|Any CPU = Debug|Any CPU
		Release|Any CPU = Release|Any CPU
	EndGlobalSection
	GlobalSection(ProjectConfigurationPlatforms) = postSolution
		{F8F062CC-C90F-471F-9569-668D47BB7B0E}.Debug|Any CPU.ActiveCfg = Debug|Any CPU
		{F8F062CC-C90F-471F-9569-668D47BB7B0E}.Debug|Any CPU.Build.0 = Debug|Any CPU
		{F8F062CC-C90F-471F-9569-668D47BB7B0E}.Release|Any CPU.ActiveCfg = Release|Any CPU
		{F8F062CC-C90F-471F-9569-668D47BB7B0E}.Release|Any CPU.Build.0 = Release|Any CPU
	EndGlobalSection
	GlobalSection(SolutionProperties) = preSolution
		HideSolutionNode = FALSE
	EndGlobalSection
	GlobalSection(ExtensibilityGlobals) = postSolution
		SolutionGuid = {5A0850A3-15A5-47CF-9CD8-A5267D036DFB}
	EndGlobalSection
EndGlobal
